
Microsoft Visual Studio Solution File, Format Version 12.00
# Visual Studio Version 17
VisualStudioVersion = 17.5.33516.290
MinimumVisualStudioVersion = 10.0.40219.1
Project("{FAE04EC0-301F-11D3-BF4B-00C04F79EFBC}") = "price_scraper", "price_scraper\price_scraper.csproj", "{296FE848-6D28-4D31-B63F-C8F5E09030C0}"
EndProject
Global
	GlobalSection(SolutionConfigurationPlatforms) = preSolution
		Debug|Any CPU = Debug|Any CPU
		Release|Any CPU = Release|Any CPU
	EndGlobalSection
	GlobalSection(ProjectConfigurationPlatforms) = postSolution
		{296FE848-6D28-4D31-B63F-C8F5E09030C0}.Debug|Any CPU.ActiveCfg = Debug|Any CPU
		{296FE848-6D28-4D31-B63F-C8F5E09030C0}.Debug|Any CPU.Build.0 = Debug|Any CPU
		{296FE848-6D28-4D31-B63F-C8F5E09030C0}.Release|Any CPU.ActiveCfg = Release|Any CPU
		{296FE848-6D28-4D31-B63F-C8F5E09030C0}.Release|Any CPU.Build.0 = Release|Any CPU
	EndGlobalSection
	GlobalSection(SolutionProperties) = preSolution
		HideSolutionNode = FALSE
	EndGlobalSection
	GlobalSection(ExtensibilityGlobals) = postSolution
		SolutionGuid = {BBA49DCF-1B11-4AE3-8224-C0B0BB714A14}
	EndGlobalSection
EndGlobal
